
Microsoft Visual Studio Solution File, Format Version 12.00
# Visual Studio Version 16
VisualStudioVersion = 16.0.29911.84
MinimumVisualStudioVersion = 10.0.40219.1
Project("{FAE04EC0-301F-11D3-BF4B-00C04F79EFBC}") = "Zad_5", "Zad_5\Zad_5.csproj", "{38918DEA-A22F-4A47-8DE6-FD2BBB22A4C2}"
EndProject
Global
	GlobalSection(SolutionConfigurationPlatforms) = preSolution
		Debug|Any CPU = Debug|Any CPU
		Release|Any CPU = Release|Any CPU
	EndGlobalSection
	GlobalSection(ProjectConfigurationPlatforms) = postSolution
		{38918DEA-A22F-4A47-8DE6-FD2BBB22A4C2}.Debug|Any CPU.ActiveCfg = Debug|Any CPU
		{38918DEA-A22F-4A47-8DE6-FD2BBB22A4C2}.Debug|Any CPU.Build.0 = Debug|Any CPU
		{38918DEA-A22F-4A47-8DE6-FD2BBB22A4C2}.Release|Any CPU.ActiveCfg = Release|Any CPU
		{38918DEA-A22F-4A47-8DE6-FD2BBB22A4C2}.Release|Any CPU.Build.0 = Release|Any CPU
	EndGlobalSection
	GlobalSection(SolutionProperties) = preSolution
		HideSolutionNode = FALSE
	EndGlobalSection
	GlobalSection(ExtensibilityGlobals) = postSolution
		SolutionGuid = {D1C24B23-9BC9-4667-97F0-8B24D824133F}
	EndGlobalSection
EndGlobal
